
Microsoft Visual Studio Solution File, Format Version 12.00
# Visual Studio Version 17
VisualStudioVersion = 17.0.31903.59
MinimumVisualStudioVersion = 10.0.40219.1
Project("{FAE04EC0-301F-11D3-BF4B-00C04F79EFBC}") = "GameClient", "GameClient\GameClient.csproj", "{2A6DD3EB-F597-4699-8327-ACF0F00D7247}"
EndProject
Project("{FAE04EC0-301F-11D3-BF4B-00C04F79EFBC}") = "GameServer", "GameServer\GameServer.csproj", "{D04860FA-64FE-46EC-8315-B3ACC20D1570}"
EndProject
Project("{FAE04EC0-301F-11D3-BF4B-00C04F79EFBC}") = "GameServer.Tests", "GameServer.Tests\GameServer.Tests.csproj", "{7AC53D39-6462-418C-A589-FE23657A2189}"
EndProject
Project("{FAE04EC0-301F-11D3-BF4B-00C04F79EFBC}") = "GameClientConsole", "GameClientConsole\GameClientConsole.csproj", "{3B7C7401-A79F-88B9-2263-E19B1D705637}"
EndProject
Project("{FAE04EC0-301F-11D3-BF4B-00C04F79EFBC}") = "GameClientPoco", "GameClientPoco\GameClientPoco.csproj", "{A6D81EAA-C767-0EA1-4882-343E7D74532E}"
EndProject
Project("{FAE04EC0-301F-11D3-BF4B-00C04F79EFBC}") = "GameClientPoco.Tests", "GameClientPoco.Tests\GameClientPoco.Tests.csproj", "{93A346E3-6378-AD1A-B86F-B4A142A9FAE6}"
EndProject
Project("{FAE04EC0-301F-11D3-BF4B-00C04F79EFBC}") = "GameClientMaui", "GameClientMaui\GameClientMaui.csproj", "{89D88008-F132-5169-D8F1-2CD7E6C9D4F2}"
EndProject
Global
	GlobalSection(SolutionConfigurationPlatforms) = preSolution
		Debug|Any CPU = Debug|Any CPU
		Debug|x64 = Debug|x64
		Debug|x86 = Debug|x86
		Release|Any CPU = Release|Any CPU
		Release|x64 = Release|x64
		Release|x86 = Release|x86
	EndGlobalSection
	GlobalSection(ProjectConfigurationPlatforms) = postSolution
		{2A6DD3EB-F597-4699-8327-ACF0F00D7247}.Debug|Any CPU.ActiveCfg = Debug|Any CPU
		{2A6DD3EB-F597-4699-8327-ACF0F00D7247}.Debug|Any CPU.Build.0 = Debug|Any CPU
		{2A6DD3EB-F597-4699-8327-ACF0F00D7247}.Debug|x64.ActiveCfg = Debug|Any CPU
		{2A6DD3EB-F597-4699-8327-ACF0F00D7247}.Debug|x64.Build.0 = Debug|Any CPU
		{2A6DD3EB-F597-4699-8327-ACF0F00D7247}.Debug|x86.ActiveCfg = Debug|Any CPU
		{2A6DD3EB-F597-4699-8327-ACF0F00D7247}.Debug|x86.Build.0 = Debug|Any CPU
		{2A6DD3EB-F597-4699-8327-ACF0F00D7247}.Release|Any CPU.ActiveCfg = Release|Any CPU
		{2A6DD3EB-F597-4699-8327-ACF0F00D7247}.Release|Any CPU.Build.0 = Release|Any CPU
		{2A6DD3EB-F597-4699-8327-ACF0F00D7247}.Release|x64.ActiveCfg = Release|Any CPU
		{2A6DD3EB-F597-4699-8327-ACF0F00D7247}.Release|x64.Build.0 = Release|Any CPU
		{2A6DD3EB-F597-4699-8327-ACF0F00D7247}.Release|x86.ActiveCfg = Release|Any CPU
		{2A6DD3EB-F597-4699-8327-ACF0F00D7247}.Release|x86.Build.0 = Release|Any CPU
		{D04860FA-64FE-46EC-8315-B3ACC20D1570}.Debug|Any CPU.ActiveCfg = Debug|Any CPU
		{D04860FA-64FE-46EC-8315-B3ACC20D1570}.Debug|Any CPU.Build.0 = Debug|Any CPU
		{D04860FA-64FE-46EC-8315-B3ACC20D1570}.Debug|x64.ActiveCfg = Debug|Any CPU
		{D04860FA-64FE-46EC-8315-B3ACC20D1570}.Debug|x64.Build.0 = Debug|Any CPU
		{D04860FA-64FE-46EC-8315-B3ACC20D1570}.Debug|x86.ActiveCfg = Debug|Any CPU
		{D04860FA-64FE-46EC-8315-B3ACC20D1570}.Debug|x86.Build.0 = Debug|Any CPU
		{D04860FA-64FE-46EC-8315-B3ACC20D1570}.Release|Any CPU.ActiveCfg = Release|Any CPU
		{D04860FA-64FE-46EC-8315-B3ACC20D1570}.Release|Any CPU.Build.0 = Release|Any CPU
		{D04860FA-64FE-46EC-8315-B3ACC20D1570}.Release|x64.ActiveCfg = Release|Any CPU
		{D04860FA-64FE-46EC-8315-B3ACC20D1570}.Release|x64.Build.0 = Release|Any CPU
		{D04860FA-64FE-46EC-8315-B3ACC20D1570}.Release|x86.ActiveCfg = Release|Any CPU
		{D04860FA-64FE-46EC-8315-B3ACC20D1570}.Release|x86.Build.0 = Release|Any CPU
		{7AC53D39-6462-418C-A589-FE23657A2189}.Debug|Any CPU.ActiveCfg = Debug|Any CPU
		{7AC53D39-6462-418C-A589-FE23657A2189}.Debug|Any CPU.Build.0 = Debug|Any CPU
		{7AC53D39-6462-418C-A589-FE23657A2189}.Debug|x64.ActiveCfg = Debug|Any CPU
		{7AC53D39-6462-418C-A589-FE23657A2189}.Debug|x64.Build.0 = Debug|Any CPU
		{7AC53D39-6462-418C-A589-FE23657A2189}.Debug|x86.ActiveCfg = Debug|Any CPU
		{7AC53D39-6462-418C-A589-FE23657A2189}.Debug|x86.Build.0 = Debug|Any CPU
		{7AC53D39-6462-418C-A589-FE23657A2189}.Release|Any CPU.ActiveCfg = Release|Any CPU
		{7AC53D39-6462-418C-A589-FE23657A2189}.Release|Any CPU.Build.0 = Release|Any CPU
		{7AC53D39-6462-418C-A589-FE23657A2189}.Release|x64.ActiveCfg = Release|Any CPU
		{7AC53D39-6462-418C-A589-FE23657A2189}.Release|x64.Build.0 = Release|Any CPU
		{7AC53D39-6462-418C-A589-FE23657A2189}.Release|x86.ActiveCfg = Release|Any CPU
		{7AC53D39-6462-418C-A589-FE23657A2189}.Release|x86.Build.0 = Release|Any CPU
		{3B7C7401-A79F-88B9-2263-E19B1D705637}.Debug|Any CPU.ActiveCfg = Debug|Any CPU
		{3B7C7401-A79F-88B9-2263-E19B1D705637}.Debug|Any CPU.Build.0 = Debug|Any CPU
		{3B7C7401-A79F-88B9-2263-E19B1D705637}.Debug|x64.ActiveCfg = Debug|Any CPU
		{3B7C7401-A79F-88B9-2263-E19B1D705637}.Debug|x64.Build.0 = Debug|Any CPU
		{3B7C7401-A79F-88B9-2263-E19B1D705637}.Debug|x86.ActiveCfg = Debug|Any CPU
		{3B7C7401-A79F-88B9-2263-E19B1D705637}.Debug|x86.Build.0 = Debug|Any CPU
		{3B7C7401-A79F-88B9-2263-E19B1D705637}.Release|Any CPU.ActiveCfg = Release|Any CPU
		{3B7C7401-A79F-88B9-2263-E19B1D705637}.Release|Any CPU.Build.0 = Release|Any CPU
		{3B7C7401-A79F-88B9-2263-E19B1D705637}.Release|x64.ActiveCfg = Release|Any CPU
		{3B7C7401-A79F-88B9-2263-E19B1D705637}.Release|x64.Build.0 = Release|Any CPU
		{3B7C7401-A79F-88B9-2263-E19B1D705637}.Release|x86.ActiveCfg = Release|Any CPU
		{3B7C7401-A79F-88B9-2263-E19B1D705637}.Release|x86.Build.0 = Release|Any CPU
		{A6D81EAA-C767-0EA1-4882-343E7D74532E}.Debug|Any CPU.ActiveCfg = Debug|Any CPU
		{A6D81EAA-C767-0EA1-4882-343E7D74532E}.Debug|Any CPU.Build.0 = Debug|Any CPU
		{A6D81EAA-C767-0EA1-4882-343E7D74532E}.Debug|x64.ActiveCfg = Debug|Any CPU
		{A6D81EAA-C767-0EA1-4882-343E7D74532E}.Debug|x64.Build.0 = Debug|Any CPU
		{A6D81EAA-C767-0EA1-4882-343E7D74532E}.Debug|x86.ActiveCfg = Debug|Any CPU
		{A6D81EAA-C767-0EA1-4882-343E7D74532E}.Debug|x86.Build.0 = Debug|Any CPU
		{A6D81EAA-C767-0EA1-4882-343E7D74532E}.Release|Any CPU.ActiveCfg = Release|Any CPU
		{A6D81EAA-C767-0EA1-4882-343E7D74532E}.Release|Any CPU.Build.0 = Release|Any CPU
		{A6D81EAA-C767-0EA1-4882-343E7D74532E}.Release|x64.ActiveCfg = Release|Any CPU
		{A6D81EAA-C767-0EA1-4882-343E7D74532E}.Release|x64.Build.0 = Release|Any CPU
		{A6D81EAA-C767-0EA1-4882-343E7D74532E}.Release|x86.ActiveCfg = Release|Any CPU
		{A6D81EAA-C767-0EA1-4882-343E7D74532E}.Release|x86.Build.0 = Release|Any CPU
		{93A346E3-6378-AD1A-B86F-B4A142A9FAE6}.Debug|Any CPU.ActiveCfg = Debug|Any CPU
		{93A346E3-6378-AD1A-B86F-B4A142A9FAE6}.Debug|Any CPU.Build.0 = Debug|Any CPU
		{93A346E3-6378-AD1A-B86F-B4A142A9FAE6}.Debug|x64.ActiveCfg = Debug|Any CPU
		{93A346E3-6378-AD1A-B86F-B4A142A9FAE6}.Debug|x64.Build.0 = Debug|Any CPU
		{93A346E3-6378-AD1A-B86F-B4A142A9FAE6}.Debug|x86.ActiveCfg = Debug|Any CPU
		{93A346E3-6378-AD1A-B86F-B4A142A9FAE6}.Debug|x86.Build.0 = Debug|Any CPU
		{93A346E3-6378-AD1A-B86F-B4A142A9FAE6}.Release|Any CPU.ActiveCfg = Release|Any CPU
		{93A346E3-6378-AD1A-B86F-B4A142A9FAE6}.Release|Any CPU.Build.0 = Release|Any CPU
		{93A346E3-6378-AD1A-B86F-B4A142A9FAE6}.Release|x64.ActiveCfg = Release|Any CPU
		{93A346E3-6378-AD1A-B86F-B4A142A9FAE6}.Release|x64.Build.0 = Release|Any CPU
		{93A346E3-6378-AD1A-B86F-B4A142A9FAE6}.Release|x86.ActiveCfg = Release|Any CPU
		{93A346E3-6378-AD1A-B86F-B4A142A9FAE6}.Release|x86.Build.0 = Release|Any CPU
		{89D88008-F132-5169-D8F1-2CD7E6C9D4F2}.Debug|Any CPU.ActiveCfg = Debug|Any CPU
		{89D88008-F132-5169-D8F1-2CD7E6C9D4F2}.Debug|Any CPU.Build.0 = Debug|Any CPU
		{89D88008-F132-5169-D8F1-2CD7E6C9D4F2}.Debug|Any CPU.Deploy.0 = Debug|Any CPU
		{89D88008-F132-5169-D8F1-2CD7E6C9D4F2}.Debug|x64.ActiveCfg = Debug|Any CPU
		{89D88008-F132-5169-D8F1-2CD7E6C9D4F2}.Debug|x64.Build.0 = Debug|Any CPU
		{89D88008-F132-5169-D8F1-2CD7E6C9D4F2}.Debug|x64.Deploy.0 = Debug|Any CPU
		{89D88008-F132-5169-D8F1-2CD7E6C9D4F2}.Debug|x86.ActiveCfg = Debug|Any CPU
		{89D88008-F132-5169-D8F1-2CD7E6C9D4F2}.Debug|x86.Build.0 = Debug|Any CPU
		{89D88008-F132-5169-D8F1-2CD7E6C9D4F2}.Debug|x86.Deploy.0 = Debug|Any CPU
		{89D88008-F132-5169-D8F1-2CD7E6C9D4F2}.Release|Any CPU.ActiveCfg = Release|Any CPU
		{89D88008-F132-5169-D8F1-2CD7E6C9D4F2}.Release|Any CPU.Build.0 = Release|Any CPU
		{89D88008-F132-5169-D8F1-2CD7E6C9D4F2}.Release|Any CPU.Deploy.0 = Release|Any CPU
		{89D88008-F132-5169-D8F1-2CD7E6C9D4F2}.Release|x64.ActiveCfg = Release|Any CPU
		{89D88008-F132-5169-D8F1-2CD7E6C9D4F2}.Release|x64.Build.0 = Release|Any CPU
		{89D88008-F132-5169-D8F1-2CD7E6C9D4F2}.Release|x64.Deploy.0 = Release|Any CPU
		{89D88008-F132-5169-D8F1-2CD7E6C9D4F2}.Release|x86.ActiveCfg = Release|Any CPU
		{89D88008-F132-5169-D8F1-2CD7E6C9D4F2}.Release|x86.Build.0 = Release|Any CPU
		{89D88008-F132-5169-D8F1-2CD7E6C9D4F2}.Release|x86.Deploy.0 = Release|Any CPU
	EndGlobalSection
	GlobalSection(SolutionProperties) = preSolution
		HideSolutionNode = FALSE
	EndGlobalSection
	GlobalSection(ExtensibilityGlobals) = postSolution
		SolutionGuid = {34FD6D78-E18E-4662-929D-7FC1B7051711}
	EndGlobalSection
EndGlobal
